
Microsoft Visual Studio Solution File, Format Version 12.00
# Visual Studio Version 17
VisualStudioVersion = 17.7.34221.43
MinimumVisualStudioVersion = 10.0.40219.1
Project("{9A19103F-16F7-4668-BE54-9A1E7A4F7556}") = "Product.API", "Product.API.csproj", "{0F189EB5-CFA5-48F6-B86E-397D475AAFEB}"
EndProject
Project("{9A19103F-16F7-4668-BE54-9A1E7A4F7556}") = "Product.BLL", "..\Product.BLL\Product.BLL.csproj", "{48322367-DA5A-4BC5-9823-6F848ADB87B5}"
EndProject
Project("{9A19103F-16F7-4668-BE54-9A1E7A4F7556}") = "Product.DAL", "..\Product.DAL\Product.DAL.csproj", "{130CFE60-EBFC-4604-A78E-EBAA38F23B19}"
EndProject
Global
	GlobalSection(SolutionConfigurationPlatforms) = preSolution
		Debug|Any CPU = Debug|Any CPU
		Release|Any CPU = Release|Any CPU
	EndGlobalSection
	GlobalSection(ProjectConfigurationPlatforms) = postSolution
		{0F189EB5-CFA5-48F6-B86E-397D475AAFEB}.Debug|Any CPU.ActiveCfg = Debug|Any CPU
		{0F189EB5-CFA5-48F6-B86E-397D475AAFEB}.Debug|Any CPU.Build.0 = Debug|Any CPU
		{0F189EB5-CFA5-48F6-B86E-397D475AAFEB}.Release|Any CPU.ActiveCfg = Release|Any CPU
		{0F189EB5-CFA5-48F6-B86E-397D475AAFEB}.Release|Any CPU.Build.0 = Release|Any CPU
		{48322367-DA5A-4BC5-9823-6F848ADB87B5}.Debug|Any CPU.ActiveCfg = Debug|Any CPU
		{48322367-DA5A-4BC5-9823-6F848ADB87B5}.Debug|Any CPU.Build.0 = Debug|Any CPU
		{48322367-DA5A-4BC5-9823-6F848ADB87B5}.Release|Any CPU.ActiveCfg = Release|Any CPU
		{48322367-DA5A-4BC5-9823-6F848ADB87B5}.Release|Any CPU.Build.0 = Release|Any CPU
		{130CFE60-EBFC-4604-A78E-EBAA38F23B19}.Debug|Any CPU.ActiveCfg = Debug|Any CPU
		{130CFE60-EBFC-4604-A78E-EBAA38F23B19}.Debug|Any CPU.Build.0 = Debug|Any CPU
		{130CFE60-EBFC-4604-A78E-EBAA38F23B19}.Release|Any CPU.ActiveCfg = Release|Any CPU
		{130CFE60-EBFC-4604-A78E-EBAA38F23B19}.Release|Any CPU.Build.0 = Release|Any CPU
	EndGlobalSection
	GlobalSection(SolutionProperties) = preSolution
		HideSolutionNode = FALSE
	EndGlobalSection
	GlobalSection(ExtensibilityGlobals) = postSolution
		SolutionGuid = {2F3A3FBF-D765-42F3-893A-3514BEDF9F0F}
	EndGlobalSection
EndGlobal
